
Microsoft Visual Studio Solution File, Format Version 12.00
# Visual Studio Version 17
VisualStudioVersion = 17.12.35323.107
MinimumVisualStudioVersion = 10.0.40219.1
Project("{FAE04EC0-301F-11D3-BF4B-00C04F79EFBC}") = "WebApiCiCd", "WebApiCiCd.csproj", "{C5909D84-597A-4093-AA5A-010BAEC8D27F}"
EndProject
Global
	GlobalSection(SolutionConfigurationPlatforms) = preSolution
		Debug|Any CPU = Debug|Any CPU
		Release|Any CPU = Release|Any CPU
	EndGlobalSection
	GlobalSection(ProjectConfigurationPlatforms) = postSolution
		{C5909D84-597A-4093-AA5A-010BAEC8D27F}.Debug|Any CPU.ActiveCfg = Debug|Any CPU
		{C5909D84-597A-4093-AA5A-010BAEC8D27F}.Debug|Any CPU.Build.0 = Debug|Any CPU
		{C5909D84-597A-4093-AA5A-010BAEC8D27F}.Release|Any CPU.ActiveCfg = Release|Any CPU
		{C5909D84-597A-4093-AA5A-010BAEC8D27F}.Release|Any CPU.Build.0 = Release|Any CPU
	EndGlobalSection
	GlobalSection(SolutionProperties) = preSolution
		HideSolutionNode = FALSE
	EndGlobalSection
	GlobalSection(ExtensibilityGlobals) = postSolution
		SolutionGuid = {92A03F5D-6DEE-4C80-B107-F098B8E74E52}
	EndGlobalSection
EndGlobal
